
Microsoft Visual Studio Solution File, Format Version 12.00
# Visual Studio Version 17
VisualStudioVersion = 17.14.37516.0 d17.14
MinimumVisualStudioVersion = 10.0.40219.1
Project("{FAE04EC0-301F-11D3-BF4B-00C04F79EFBC}") = "Tutorial2_3", "Tutorial2_3\Tutorial2_3.csproj", "{BABEEA16-0F0F-492D-AD5F-ED0A3258FD14}"
EndProject
Global
	GlobalSection(SolutionConfigurationPlatforms) = preSolution
		Debug|Any CPU = Debug|Any CPU
		Release|Any CPU = Release|Any CPU
	EndGlobalSection
	GlobalSection(ProjectConfigurationPlatforms) = postSolution
		{BABEEA16-0F0F-492D-AD5F-ED0A3258FD14}.Debug|Any CPU.ActiveCfg = Debug|Any CPU
		{BABEEA16-0F0F-492D-AD5F-ED0A3258FD14}.Debug|Any CPU.Build.0 = Debug|Any CPU
		{BABEEA16-0F0F-492D-AD5F-ED0A3258FD14}.Release|Any CPU.ActiveCfg = Release|Any CPU
		{BABEEA16-0F0F-492D-AD5F-ED0A3258FD14}.Release|Any CPU.Build.0 = Release|Any CPU
	EndGlobalSection
	GlobalSection(SolutionProperties) = preSolution
		HideSolutionNode = FALSE
	EndGlobalSection
	GlobalSection(ExtensibilityGlobals) = postSolution
		SolutionGuid = {C2BB66D5-49FD-4E2D-93F1-2CB6D37878A3}
	EndGlobalSection
EndGlobal
